{
  "name": "react-native-meteor",
  "version": "1.4.0",
  "lockfileVersion": 1,
  "requires": true,
  "dependencies": {
    "@react-native-community/async-storage": {
      "version": "1.7.1",
      "resolved": "https://registry.npmjs.org/@react-native-community/async-storage/-/async-storage-1.7.1.tgz",
      "integrity": "sha512-/oX/x+EU4xNaqIaC/epVKzO8XghzImPA7l8cLz3USEFmtFiXFjBbTeeIFjjEm/u4/cv38Wi1xMEa10PHIWygRg=="
    },
    "@react-native-community/netinfo": {
      "version": "5.3.2",
      "resolved": "https://registry.npmjs.org/@react-native-community/netinfo/-/netinfo-5.3.2.tgz",
      "integrity": "sha512-npNcLAz6iWzwRNh+0tSFMlR+xkpSz9NWzX+5AxW40KE6qEZGWdE3dtGBKsezMdWD2Fh+6Je6P6hgUEF8xuZrbA=="
    }
  }
}
